
Microsoft Visual Studio Solution File, Format Version 12.00
# Visual Studio 14
VisualStudioVersion = 14.0.23107.0
MinimumVisualStudioVersion = 10.0.40219.1
Project("{FAE04EC0-301F-11D3-BF4B-00C04F79EFBC}") = "poker2", "poker2\poker2\poker2.csproj", "{E3745542-FCD3-45E9-B0F7-53504B56F090}"
EndProject
Project("{FAE04EC0-301F-11D3-BF4B-00C04F79EFBC}") = "poker2.iOS", "poker2\poker2.iOS\poker2.iOS.csproj", "{4A4D9ED3-5C9F-4939-89F7-3DC293389641}"
EndProject
Project("{FAE04EC0-301F-11D3-BF4B-00C04F79EFBC}") = "poker2.Droid", "poker2\poker2.Droid\poker2.Droid.csproj", "{F9FAC00A-714F-47BD-B360-2CC1C5558B2F}"
EndProject
Global
	GlobalSection(SolutionConfigurationPlatforms) = preSolution
		Ad-Hoc|Any CPU = Ad-Hoc|Any CPU
		Ad-Hoc|iPhone = Ad-Hoc|iPhone
		Ad-Hoc|iPhoneSimulator = Ad-Hoc|iPhoneSimulator
		AppStore|Any CPU = AppStore|Any CPU
		AppStore|iPhone = AppStore|iPhone
		AppStore|iPhoneSimulator = AppStore|iPhoneSimulator
		Debug|Any CPU = Debug|Any CPU
		Debug|iPhone = Debug|iPhone
		Debug|iPhoneSimulator = Debug|iPhoneSimulator
		Release|Any CPU = Release|Any CPU
		Release|iPhone = Release|iPhone
		Release|iPhoneSimulator = Release|iPhoneSimulator
	EndGlobalSection
	GlobalSection(ProjectConfigurationPlatforms) = postSolution
		{E3745542-FCD3-45E9-B0F7-53504B56F090}.Ad-Hoc|Any CPU.ActiveCfg = Release|Any CPU
		{E3745542-FCD3-45E9-B0F7-53504B56F090}.Ad-Hoc|Any CPU.Build.0 = Release|Any CPU
		{E3745542-FCD3-45E9-B0F7-53504B56F090}.Ad-Hoc|iPhone.ActiveCfg = Release|Any CPU
		{E3745542-FCD3-45E9-B0F7-53504B56F090}.Ad-Hoc|iPhone.Build.0 = Release|Any CPU
		{E3745542-FCD3-45E9-B0F7-53504B56F090}.Ad-Hoc|iPhoneSimulator.ActiveCfg = Release|Any CPU
		{E3745542-FCD3-45E9-B0F7-53504B56F090}.Ad-Hoc|iPhoneSimulator.Build.0 = Release|Any CPU
		{E3745542-FCD3-45E9-B0F7-53504B56F090}.AppStore|Any CPU.ActiveCfg = Release|Any CPU
		{E3745542-FCD3-45E9-B0F7-53504B56F090}.AppStore|Any CPU.Build.0 = Release|Any CPU
		{E3745542-FCD3-45E9-B0F7-53504B56F090}.AppStore|iPhone.ActiveCfg = Release|Any CPU
		{E3745542-FCD3-45E9-B0F7-53504B56F090}.AppStore|iPhone.Build.0 = Release|Any CPU
		{E3745542-FCD3-45E9-B0F7-53504B56F090}.AppStore|iPhoneSimulator.ActiveCfg = Release|Any CPU
		{E3745542-FCD3-45E9-B0F7-53504B56F090}.AppStore|iPhoneSimulator.Build.0 = Release|Any CPU
		{E3745542-FCD3-45E9-B0F7-53504B56F090}.Debug|Any CPU.ActiveCfg = Debug|Any CPU
		{E3745542-FCD3-45E9-B0F7-53504B56F090}.Debug|Any CPU.Build.0 = Debug|Any CPU
		{E3745542-FCD3-45E9-B0F7-53504B56F090}.Debug|iPhone.ActiveCfg = Debug|Any CPU
		{E3745542-FCD3-45E9-B0F7-53504B56F090}.Debug|iPhone.Build.0 = Debug|Any CPU
		{E3745542-FCD3-45E9-B0F7-53504B56F090}.Debug|iPhoneSimulator.ActiveCfg = Debug|Any CPU
		{E3745542-FCD3-45E9-B0F7-53504B56F090}.Debug|iPhoneSimulator.Build.0 = Debug|Any CPU
		{E3745542-FCD3-45E9-B0F7-53504B56F090}.Release|Any CPU.ActiveCfg = Release|Any CPU
		{E3745542-FCD3-45E9-B0F7-53504B56F090}.Release|Any CPU.Build.0 = Release|Any CPU
		{E3745542-FCD3-45E9-B0F7-53504B56F090}.Release|iPhone.ActiveCfg = Release|Any CPU
		{E3745542-FCD3-45E9-B0F7-53504B56F090}.Release|iPhone.Build.0 = Release|Any CPU
		{E3745542-FCD3-45E9-B0F7-53504B56F090}.Release|iPhoneSimulator.ActiveCfg = Release|Any CPU
		{E3745542-FCD3-45E9-B0F7-53504B56F090}.Release|iPhoneSimulator.Build.0 = Release|Any CPU
		{4A4D9ED3-5C9F-4939-89F7-3DC293389641}.Ad-Hoc|Any CPU.ActiveCfg = Ad-Hoc|iPhone
		{4A4D9ED3-5C9F-4939-89F7-3DC293389641}.Ad-Hoc|iPhone.ActiveCfg = Ad-Hoc|iPhone
		{4A4D9ED3-5C9F-4939-89F7-3DC293389641}.Ad-Hoc|iPhone.Build.0 = Ad-Hoc|iPhone
		{4A4D9ED3-5C9F-4939-89F7-3DC293389641}.Ad-Hoc|iPhoneSimulator.ActiveCfg = Ad-Hoc|iPhoneSimulator
		{4A4D9ED3-5C9F-4939-89F7-3DC293389641}.Ad-Hoc|iPhoneSimulator.Build.0 = Ad-Hoc|iPhoneSimulator
		{4A4D9ED3-5C9F-4939-89F7-3DC293389641}.AppStore|Any CPU.ActiveCfg = AppStore|iPhone
		{4A4D9ED3-5C9F-4939-89F7-3DC293389641}.AppStore|iPhone.ActiveCfg = AppStore|iPhone
		{4A4D9ED3-5C9F-4939-89F7-3DC293389641}.AppStore|iPhone.Build.0 = AppStore|iPhone
		{4A4D9ED3-5C9F-4939-89F7-3DC293389641}.AppStore|iPhoneSimulator.ActiveCfg = AppStore|iPhoneSimulator
		{4A4D9ED3-5C9F-4939-89F7-3DC293389641}.AppStore|iPhoneSimulator.Build.0 = AppStore|iPhoneSimulator
		{4A4D9ED3-5C9F-4939-89F7-3DC293389641}.Debug|Any CPU.ActiveCfg = Debug|iPhone
		{4A4D9ED3-5C9F-4939-89F7-3DC293389641}.Debug|iPhone.ActiveCfg = Debug|iPhone
		{4A4D9ED3-5C9F-4939-89F7-3DC293389641}.Debug|iPhone.Build.0 = Debug|iPhone
		{4A4D9ED3-5C9F-4939-89F7-3DC293389641}.Debug|iPhoneSimulator.ActiveCfg = Debug|iPhoneSimulator
		{4A4D9ED3-5C9F-4939-89F7-3DC293389641}.Debug|iPhoneSimulator.Build.0 = Debug|iPhoneSimulator
		{4A4D9ED3-5C9F-4939-89F7-3DC293389641}.Release|Any CPU.ActiveCfg = Release|iPhone
		{4A4D9ED3-5C9F-4939-89F7-3DC293389641}.Release|iPhone.ActiveCfg = Release|iPhone
		{4A4D9ED3-5C9F-4939-89F7-3DC293389641}.Release|iPhone.Build.0 = Release|iPhone
		{4A4D9ED3-5C9F-4939-89F7-3DC293389641}.Release|iPhoneSimulator.ActiveCfg = Release|iPhoneSimulator
		{4A4D9ED3-5C9F-4939-89F7-3DC293389641}.Release|iPhoneSimulator.Build.0 = Release|iPhoneSimulator
		{F9FAC00A-714F-47BD-B360-2CC1C5558B2F}.Ad-Hoc|Any CPU.ActiveCfg = Release|Any CPU
		{F9FAC00A-714F-47BD-B360-2CC1C5558B2F}.Ad-Hoc|Any CPU.Build.0 = Release|Any CPU
		{F9FAC00A-714F-47BD-B360-2CC1C5558B2F}.Ad-Hoc|Any CPU.Deploy.0 = Release|Any CPU
		{F9FAC00A-714F-47BD-B360-2CC1C5558B2F}.Ad-Hoc|iPhone.ActiveCfg = Release|Any CPU
		{F9FAC00A-714F-47BD-B360-2CC1C5558B2F}.Ad-Hoc|iPhone.Build.0 = Release|Any CPU
		{F9FAC00A-714F-47BD-B360-2CC1C5558B2F}.Ad-Hoc|iPhone.Deploy.0 = Release|Any CPU
		{F9FAC00A-714F-47BD-B360-2CC1C5558B2F}.Ad-Hoc|iPhoneSimulator.ActiveCfg = Release|Any CPU
		{F9FAC00A-714F-47BD-B360-2CC1C5558B2F}.Ad-Hoc|iPhoneSimulator.Build.0 = Release|Any CPU
		{F9FAC00A-714F-47BD-B360-2CC1C5558B2F}.Ad-Hoc|iPhoneSimulator.Deploy.0 = Release|Any CPU
		{F9FAC00A-714F-47BD-B360-2CC1C5558B2F}.AppStore|Any CPU.ActiveCfg = Release|Any CPU
		{F9FAC00A-714F-47BD-B360-2CC1C5558B2F}.AppStore|Any CPU.Build.0 = Release|Any CPU
		{F9FAC00A-714F-47BD-B360-2CC1C5558B2F}.AppStore|Any CPU.Deploy.0 = Release|Any CPU
		{F9FAC00A-714F-47BD-B360-2CC1C5558B2F}.AppStore|iPhone.ActiveCfg = Release|Any CPU
		{F9FAC00A-714F-47BD-B360-2CC1C5558B2F}.AppStore|iPhone.Build.0 = Release|Any CPU
		{F9FAC00A-714F-47BD-B360-2CC1C5558B2F}.AppStore|iPhone.Deploy.0 = Release|Any CPU
		{F9FAC00A-714F-47BD-B360-2CC1C5558B2F}.AppStore|iPhoneSimulator.ActiveCfg = Release|Any CPU
		{F9FAC00A-714F-47BD-B360-2CC1C5558B2F}.AppStore|iPhoneSimulator.Build.0 = Release|Any CPU
		{F9FAC00A-714F-47BD-B360-2CC1C5558B2F}.AppStore|iPhoneSimulator.Deploy.0 = Release|Any CPU
		{F9FAC00A-714F-47BD-B360-2CC1C5558B2F}.Debug|Any CPU.ActiveCfg = Debug|Any CPU
		{F9FAC00A-714F-47BD-B360-2CC1C5558B2F}.Debug|Any CPU.Build.0 = Debug|Any CPU
		{F9FAC00A-714F-47BD-B360-2CC1C5558B2F}.Debug|Any CPU.Deploy.0 = Debug|Any CPU
		{F9FAC00A-714F-47BD-B360-2CC1C5558B2F}.Debug|iPhone.ActiveCfg = Debug|Any CPU
		{F9FAC00A-714F-47BD-B360-2CC1C5558B2F}.Debug|iPhone.Build.0 = Debug|Any CPU
		{F9FAC00A-714F-47BD-B360-2CC1C5558B2F}.Debug|iPhone.Deploy.0 = Debug|Any CPU
		{F9FAC00A-714F-47BD-B360-2CC1C5558B2F}.Debug|iPhoneSimulator.ActiveCfg = Debug|Any CPU
		{F9FAC00A-714F-47BD-B360-2CC1C5558B2F}.Debug|iPhoneSimulator.Build.0 = Debug|Any CPU
		{F9FAC00A-714F-47BD-B360-2CC1C5558B2F}.Debug|iPhoneSimulator.Deploy.0 = Debug|Any CPU
		{F9FAC00A-714F-47BD-B360-2CC1C5558B2F}.Release|Any CPU.ActiveCfg = Release|Any CPU
		{F9FAC00A-714F-47BD-B360-2CC1C5558B2F}.Release|Any CPU.Build.0 = Release|Any CPU
		{F9FAC00A-714F-47BD-B360-2CC1C5558B2F}.Release|Any CPU.Deploy.0 = Release|Any CPU
		{F9FAC00A-714F-47BD-B360-2CC1C5558B2F}.Release|iPhone.ActiveCfg = Release|Any CPU
		{F9FAC00A-714F-47BD-B360-2CC1C5558B2F}.Release|iPhone.Build.0 = Release|Any CPU
		{F9FAC00A-714F-47BD-B360-2CC1C5558B2F}.Release|iPhone.Deploy.0 = Release|Any CPU
		{F9FAC00A-714F-47BD-B360-2CC1C5558B2F}.Release|iPhoneSimulator.ActiveCfg = Release|Any CPU
		{F9FAC00A-714F-47BD-B360-2CC1C5558B2F}.Release|iPhoneSimulator.Build.0 = Release|Any CPU
		{F9FAC00A-714F-47BD-B360-2CC1C5558B2F}.Release|iPhoneSimulator.Deploy.0 = Release|Any CPU
	EndGlobalSection
	GlobalSection(SolutionProperties) = preSolution
		HideSolutionNode = FALSE
	EndGlobalSection
EndGlobal
